{
  "schema": "codex.remote.v1",
  "repository": "https://github.com/FireflyTang/codex-remote-protocol",
  "module": "github.com/FireflyTang/codex-remote-protocol",
  "version": "v1.2.0",
  "tag": "v1.2.0",
  "tag_object": "3df1b4d5ea1d0114bdbe83d4897d25fe8fd07c50",
  "commit": "724b0b2543b0e28a039576eff81312d8b75278f9",
  "descriptor": {
    "path": "descriptor/codex-remote-v1.binpb",
    "sha256": "9830c9b0b446a61e032d55cfc22c9e38a29a486fe236ed63a2da654eae29bab8"
  }
}
