{
  "schema": "codex.remote.v1",
  "repository": "https://github.com/FireflyTang/codex-remote-protocol",
  "module": "github.com/FireflyTang/codex-remote-protocol",
  "version": "v1.1.2",
  "tag": "v1.1.2",
  "commit": "f4e147fd6aba4571f2753d8d1864a4ab936b0db9",
  "descriptor": {
    "path": "descriptor/codex-remote-v1.binpb",
    "sha256": "6639fcaf3f91e2199f39916e5add55e5512b476463fd1105c06f662b77fa580a"
  }
}
